
Microsoft Visual Studio Solution File, Format Version 12.00
# Visual Studio Version 17
VisualStudioVersion = 17.0.32126.317
MinimumVisualStudioVersion = 10.0.40219.1
Project("{F2A71F9B-5D33-465A-A702-920D77279786}") = "FSharpApp", "FSharpApp.fsproj", "{C662437A-EFD5-480E-86B3-5730889F87FF}"
EndProject
Global
	GlobalSection(SolutionConfigurationPlatforms) = preSolution
		Debug|Any CPU = Debug|Any CPU
		Release|Any CPU = Release|Any CPU
	EndGlobalSection
	GlobalSection(ProjectConfigurationPlatforms) = postSolution
		{C662437A-EFD5-480E-86B3-5730889F87FF}.Debug|Any CPU.ActiveCfg = Debug|Any CPU
		{C662437A-EFD5-480E-86B3-5730889F87FF}.Debug|Any CPU.Build.0 = Debug|Any CPU
		{C662437A-EFD5-480E-86B3-5730889F87FF}.Release|Any CPU.ActiveCfg = Release|Any CPU
		{C662437A-EFD5-480E-86B3-5730889F87FF}.Release|Any CPU.Build.0 = Release|Any CPU
	EndGlobalSection
	GlobalSection(SolutionProperties) = preSolution
		HideSolutionNode = FALSE
	EndGlobalSection
	GlobalSection(ExtensibilityGlobals) = postSolution
		SolutionGuid = {C1846371-AA89-4830-8041-0DDA7D40A57B}
	EndGlobalSection
EndGlobal
